
Microsoft Visual Studio Solution File, Format Version 12.00
# Visual Studio Version 17
VisualStudioVersion = 17.7.34024.191
MinimumVisualStudioVersion = 10.0.40219.1
Project("{8BC9CEB8-8B4A-11D0-8D11-00A0C91BC942}") = "YTDownloader", "YTDownloader.vcxproj", "{1B92FFF3-E8EE-468C-8846-D442F2E100D7}"
EndProject
Global
	GlobalSection(SolutionConfigurationPlatforms) = preSolution
		Debug|x64 = Debug|x64
		Debug|x86 = Debug|x86
		Release|x64 = Release|x64
		Release|x86 = Release|x86
	EndGlobalSection
	GlobalSection(ProjectConfigurationPlatforms) = postSolution
		{1B92FFF3-E8EE-468C-8846-D442F2E100D7}.Debug|x64.ActiveCfg = Debug|x64
		{1B92FFF3-E8EE-468C-8846-D442F2E100D7}.Debug|x64.Build.0 = Debug|x64
		{1B92FFF3-E8EE-468C-8846-D442F2E100D7}.Debug|x86.ActiveCfg = Debug|Win32
		{1B92FFF3-E8EE-468C-8846-D442F2E100D7}.Debug|x86.Build.0 = Debug|Win32
		{1B92FFF3-E8EE-468C-8846-D442F2E100D7}.Release|x64.ActiveCfg = Release|x64
		{1B92FFF3-E8EE-468C-8846-D442F2E100D7}.Release|x64.Build.0 = Release|x64
		{1B92FFF3-E8EE-468C-8846-D442F2E100D7}.Release|x86.ActiveCfg = Release|Win32
		{1B92FFF3-E8EE-468C-8846-D442F2E100D7}.Release|x86.Build.0 = Release|Win32
	EndGlobalSection
	GlobalSection(SolutionProperties) = preSolution
		HideSolutionNode = FALSE
	EndGlobalSection
	GlobalSection(ExtensibilityGlobals) = postSolution
		SolutionGuid = {16A33172-231F-4047-819C-ADD9FCA46F04}
	EndGlobalSection
EndGlobal
